
Microsoft Visual Studio Solution File, Format Version 12.00
# Visual Studio Version 17
VisualStudioVersion = 17.12.35514.174
MinimumVisualStudioVersion = 10.0.40219.1
Project("{FAE04EC0-301F-11D3-BF4B-00C04F79EFBC}") = "LibraryManagement.API", "LibraryManagementAPI\LibraryManagement.API.csproj", "{A960BE7E-6617-4DA2-A7CA-F5DB2B08768D}"
EndProject
Project("{FAE04EC0-301F-11D3-BF4B-00C04F79EFBC}") = "LibraryManagement.Domain", "LibraryManagementDomain\LibraryManagement.Domain.csproj", "{47E958BB-3062-4A26-A24F-3F757332AFF7}"
EndProject
Project("{FAE04EC0-301F-11D3-BF4B-00C04F79EFBC}") = "LibraryManagement.Infrastructure", "LibraryManagement.Infrastructure\LibraryManagement.Infrastructure.csproj", "{4CA50BC5-F8AE-45A6-9ABD-2C0F4A8727E1}"
EndProject
Project("{FAE04EC0-301F-11D3-BF4B-00C04F79EFBC}") = "LibraryManagement.Application", "LibraryManagement.Application\LibraryManagement.Application.csproj", "{5BFCF6EA-C26D-47FA-A9DC-115ECA6C8DB5}"
EndProject
Project("{FAE04EC0-301F-11D3-BF4B-00C04F79EFBC}") = "LibraryManagement.Tests", "LibraryManagement.Tests\LibraryManagement.Tests.csproj", "{538AEC73-8D56-4427-BDBD-ED59F8FE1F94}"
EndProject
Global
	GlobalSection(SolutionConfigurationPlatforms) = preSolution
		Debug|Any CPU = Debug|Any CPU
		Release|Any CPU = Release|Any CPU
	EndGlobalSection
	GlobalSection(ProjectConfigurationPlatforms) = postSolution
		{A960BE7E-6617-4DA2-A7CA-F5DB2B08768D}.Debug|Any CPU.ActiveCfg = Debug|Any CPU
		{A960BE7E-6617-4DA2-A7CA-F5DB2B08768D}.Debug|Any CPU.Build.0 = Debug|Any CPU
		{A960BE7E-6617-4DA2-A7CA-F5DB2B08768D}.Release|Any CPU.ActiveCfg = Release|Any CPU
		{A960BE7E-6617-4DA2-A7CA-F5DB2B08768D}.Release|Any CPU.Build.0 = Release|Any CPU
		{47E958BB-3062-4A26-A24F-3F757332AFF7}.Debug|Any CPU.ActiveCfg = Debug|Any CPU
		{47E958BB-3062-4A26-A24F-3F757332AFF7}.Debug|Any CPU.Build.0 = Debug|Any CPU
		{47E958BB-3062-4A26-A24F-3F757332AFF7}.Release|Any CPU.ActiveCfg = Release|Any CPU
		{47E958BB-3062-4A26-A24F-3F757332AFF7}.Release|Any CPU.Build.0 = Release|Any CPU
		{4CA50BC5-F8AE-45A6-9ABD-2C0F4A8727E1}.Debug|Any CPU.ActiveCfg = Debug|Any CPU
		{4CA50BC5-F8AE-45A6-9ABD-2C0F4A8727E1}.Debug|Any CPU.Build.0 = Debug|Any CPU
		{4CA50BC5-F8AE-45A6-9ABD-2C0F4A8727E1}.Release|Any CPU.ActiveCfg = Release|Any CPU
		{4CA50BC5-F8AE-45A6-9ABD-2C0F4A8727E1}.Release|Any CPU.Build.0 = Release|Any CPU
		{5BFCF6EA-C26D-47FA-A9DC-115ECA6C8DB5}.Debug|Any CPU.ActiveCfg = Debug|Any CPU
		{5BFCF6EA-C26D-47FA-A9DC-115ECA6C8DB5}.Debug|Any CPU.Build.0 = Debug|Any CPU
		{5BFCF6EA-C26D-47FA-A9DC-115ECA6C8DB5}.Release|Any CPU.ActiveCfg = Release|Any CPU
		{5BFCF6EA-C26D-47FA-A9DC-115ECA6C8DB5}.Release|Any CPU.Build.0 = Release|Any CPU
		{538AEC73-8D56-4427-BDBD-ED59F8FE1F94}.Debug|Any CPU.ActiveCfg = Debug|Any CPU
		{538AEC73-8D56-4427-BDBD-ED59F8FE1F94}.Debug|Any CPU.Build.0 = Debug|Any CPU
		{538AEC73-8D56-4427-BDBD-ED59F8FE1F94}.Release|Any CPU.ActiveCfg = Release|Any CPU
		{538AEC73-8D56-4427-BDBD-ED59F8FE1F94}.Release|Any CPU.Build.0 = Release|Any CPU
	EndGlobalSection
	GlobalSection(SolutionProperties) = preSolution
		HideSolutionNode = FALSE
	EndGlobalSection
EndGlobal
